
Microsoft Visual Studio Solution File, Format Version 12.00
# Visual Studio Version 17
VisualStudioVersion = 17.5.002.0
MinimumVisualStudioVersion = 10.0.40219.1
Project("{2150E333-8FDC-42A3-9474-1A3956D46DE8}") = "src", "src", "{52D90971-E333-420E-8BED-CCF7E787881E}"
EndProject
Project("{9A19103F-16F7-4668-BE54-9A1E7A4F7556}") = "App", "src\App\App.csproj", "{604C5196-7442-4098-8227-C2F4D3EFFE0C}"
EndProject
Global
	GlobalSection(SolutionConfigurationPlatforms) = preSolution
		Debug|Any CPU = Debug|Any CPU
		Release|Any CPU = Release|Any CPU
	EndGlobalSection
	GlobalSection(ProjectConfigurationPlatforms) = postSolution
		{604C5196-7442-4098-8227-C2F4D3EFFE0C}.Debug|Any CPU.ActiveCfg = Debug|Any CPU
		{604C5196-7442-4098-8227-C2F4D3EFFE0C}.Debug|Any CPU.Build.0 = Debug|Any CPU
		{604C5196-7442-4098-8227-C2F4D3EFFE0C}.Release|Any CPU.ActiveCfg = Release|Any CPU
		{604C5196-7442-4098-8227-C2F4D3EFFE0C}.Release|Any CPU.Build.0 = Release|Any CPU
	EndGlobalSection
	GlobalSection(SolutionProperties) = preSolution
		HideSolutionNode = FALSE
	EndGlobalSection
	GlobalSection(NestedProjects) = preSolution
		{604C5196-7442-4098-8227-C2F4D3EFFE0C} = {52D90971-E333-420E-8BED-CCF7E787881E}
	EndGlobalSection
	GlobalSection(ExtensibilityGlobals) = postSolution
		SolutionGuid = {07C7D8D4-FAF2-495E-8801-6DDB7648EF9C}
	EndGlobalSection
EndGlobal
